
Microsoft Visual Studio Solution File, Format Version 12.00
# Visual Studio Version 16
VisualStudioVersion = 25.0.1706.14
MinimumVisualStudioVersion = 10.0.40219.1
Project("{FAE04EC0-301F-11D3-BF4B-00C04F79EFBC}") = "ShopTask", "ShopTask\ShopTask.csproj", "{8B3C9F04-C067-4449-BD23-8EE7E5600395}"
EndProject
Global
	GlobalSection(SolutionConfigurationPlatforms) = preSolution
		Debug|Any CPU = Debug|Any CPU
		Release|Any CPU = Release|Any CPU
	EndGlobalSection
	GlobalSection(ProjectConfigurationPlatforms) = postSolution
		{8B3C9F04-C067-4449-BD23-8EE7E5600395}.Debug|Any CPU.ActiveCfg = Debug|Any CPU
		{8B3C9F04-C067-4449-BD23-8EE7E5600395}.Debug|Any CPU.Build.0 = Debug|Any CPU
		{8B3C9F04-C067-4449-BD23-8EE7E5600395}.Release|Any CPU.ActiveCfg = Release|Any CPU
		{8B3C9F04-C067-4449-BD23-8EE7E5600395}.Release|Any CPU.Build.0 = Release|Any CPU
	EndGlobalSection
	GlobalSection(SolutionProperties) = preSolution
		HideSolutionNode = FALSE
	EndGlobalSection
	GlobalSection(ExtensibilityGlobals) = postSolution
		SolutionGuid = {226D78A8-0FEB-4859-AB90-733F59D7F754}
	EndGlobalSection
EndGlobal
