
Microsoft Visual Studio Solution File, Format Version 12.00
# Visual Studio Version 16
VisualStudioVersion = 25.0.1706.14
MinimumVisualStudioVersion = 10.0.40219.1
Project("{FAE04EC0-301F-11D3-BF4B-00C04F79EFBC}") = "Repositories", "Repositories\Repositories.csproj", "{FF8BC906-A3B1-4E82-AD82-D8ED9F31B6CF}"
EndProject
Global
	GlobalSection(SolutionConfigurationPlatforms) = preSolution
		Debug|Any CPU = Debug|Any CPU
		Release|Any CPU = Release|Any CPU
	EndGlobalSection
	GlobalSection(ProjectConfigurationPlatforms) = postSolution
		{FF8BC906-A3B1-4E82-AD82-D8ED9F31B6CF}.Debug|Any CPU.ActiveCfg = Debug|Any CPU
		{FF8BC906-A3B1-4E82-AD82-D8ED9F31B6CF}.Debug|Any CPU.Build.0 = Debug|Any CPU
		{FF8BC906-A3B1-4E82-AD82-D8ED9F31B6CF}.Release|Any CPU.ActiveCfg = Release|Any CPU
		{FF8BC906-A3B1-4E82-AD82-D8ED9F31B6CF}.Release|Any CPU.Build.0 = Release|Any CPU
	EndGlobalSection
	GlobalSection(SolutionProperties) = preSolution
		HideSolutionNode = FALSE
	EndGlobalSection
	GlobalSection(ExtensibilityGlobals) = postSolution
		SolutionGuid = {EAFDE082-83DD-47BE-8F43-0C561142DE2D}
	EndGlobalSection
EndGlobal
